<?xml version="1.0" encoding="utf-8"?>
<Project ToolsVersion="4.0" xmlns="http://schemas.microsoft.com/developer/msbuild/2003">
  <ItemGroup>
    <Filter Include="source">
      <UniqueIdentifier>{a8db412f-5af6-4c7b-8782-289f6ceb7eed}</UniqueIdentifier>
      <Extensions>cpp;c;cxx;def;odl;idl;hpj;bat;asm</Extensions>
    </Filter>
    <Filter Include="include">
      <UniqueIdentifier>{62e7220d-3252-471f-b7cc-002b2f3d9d80}</UniqueIdentifier>
      <Extensions>h;hpp;hxx;hm;inl;inc</Extensions>
    </Filter>
    <Filter Include="resource">
      <UniqueIdentifier>{b4bd8807-cd3e-4f29-9984-60adbd61c9eb}</UniqueIdentifier>
      <Extensions>rc;ico;cur;bmp;dlg;rc2;rct;bin;rgs;jpg;jpeg;jpe;png;manifest</Extensions>
    </Filter>
    <Filter Include="external">
      <UniqueIdentifier>{bed6efa6-b6ae-4f9a-9445-a5f41f32503d}</UniqueIdentifier>
    </Filter>
    <Filter Include="external\tinyxml2">
      <UniqueIdentifier>{adef7df6-a818-47d8-af50-150477e8691f}</UniqueIdentifier>
    </Filter>
  </ItemGroup>
  <ItemGroup>
    <None Include="res\hidden-object.ico">
      <Filter>resource</Filter>
    </None>
  </ItemGroup>
  <ItemGroup>
    <ResourceCompile Include="hidden-object.rc">
      <Filter>resource</Filter>
    </ResourceCompile>
  </ItemGroup>
  <ItemGroup>
    <ClInclude Include="..\external\tinyxml2\tinyxml2.h">
      <Filter>external\tinyxml2</Filter>
    </ClInclude>
    <ClInclude Include="configure.h">
      <Filter>include</Filter>
    </ClInclude>
    <ClInclude Include="main.h">
      <Filter>include</Filter>
    </ClInclude>
    <ClInclude Include="resource.h">
      <Filter>include</Filter>
    </ClInclude>
    <ClInclude Include="..\Classes\AboutRoomDialog.h">
      <Filter>include</Filter>
    </ClInclude>
    <ClInclude Include="..\Classes\AppDelegate.h">
      <Filter>include</Filter>
    </ClInclude>
    <ClInclude Include="..\Classes\AppMacros.h">
      <Filter>include</Filter>
    </ClInclude>
    <ClInclude Include="..\Classes\Home.h">
      <Filter>include</Filter>
    </ClInclude>
    <ClInclude Include="..\Classes\HomeScene.h">
      <Filter>include</Filter>
    </ClInclude>
    <ClInclude Include="..\Classes\ManagerDialog.h">
      <Filter>include</Filter>
    </ClInclude>
    <ClInclude Include="..\Classes\ManagerScreen.h">
      <Filter>include</Filter>
    </ClInclude>
    <ClInclude Include="..\Classes\NeedEnergyDialog.h">
      <Filter>include</Filter>
    </ClInclude>
    <ClInclude Include="..\Classes\Player.h">
      <Filter>include</Filter>
    </ClInclude>
    <ClInclude Include="..\Classes\ResultRoomDialog.h">
      <Filter>include</Filter>
    </ClInclude>
    <ClInclude Include="..\Classes\Room.h">
      <Filter>include</Filter>
    </ClInclude>
    <ClInclude Include="..\Classes\RoomScene.h">
      <Filter>include</Filter>
    </ClInclude>
    <ClInclude Include="..\Classes\stdafx.h">
      <Filter>include</Filter>
    </ClInclude>
    <ClInclude Include="..\Classes\Store.h">
      <Filter>include</Filter>
    </ClInclude>
    <ClInclude Include="..\Classes\structure.h">
      <Filter>include</Filter>
    </ClInclude>
  </ItemGroup>
  <ItemGroup>
    <ClCompile Include="..\external\tinyxml2\tinyxml2.cpp">
      <Filter>external\tinyxml2</Filter>
    </ClCompile>
    <ClCompile Include="main.cpp">
      <Filter>source</Filter>
    </ClCompile>
    <ClCompile Include="..\Classes\AboutRoomDialog.cpp">
      <Filter>source</Filter>
    </ClCompile>
    <ClCompile Include="..\Classes\AppDelegate.cpp">
      <Filter>source</Filter>
    </ClCompile>
    <ClCompile Include="..\Classes\Home.cpp">
      <Filter>source</Filter>
    </ClCompile>
    <ClCompile Include="..\Classes\HomeScene.cpp">
      <Filter>source</Filter>
    </ClCompile>
    <ClCompile Include="..\Classes\ManagerDialog.cpp">
      <Filter>source</Filter>
    </ClCompile>
    <ClCompile Include="..\Classes\ManagerScreen.cpp">
      <Filter>source</Filter>
    </ClCompile>
    <ClCompile Include="..\Classes\NeedEnergyDialog.cpp">
      <Filter>source</Filter>
    </ClCompile>
    <ClCompile Include="..\Classes\Player.cpp">
      <Filter>source</Filter>
    </ClCompile>
    <ClCompile Include="..\Classes\ResultRoomDialog.cpp">
      <Filter>source</Filter>
    </ClCompile>
    <ClCompile Include="..\Classes\Room.cpp">
      <Filter>source</Filter>
    </ClCompile>
    <ClCompile Include="..\Classes\RoomScene.cpp">
      <Filter>source</Filter>
    </ClCompile>
    <ClCompile Include="..\Classes\stdafx.cpp">
      <Filter>source</Filter>
    </ClCompile>
    <ClCompile Include="..\Classes\Store.cpp">
      <Filter>source</Filter>
    </ClCompile>
  </ItemGroup>
</Project>